
Microsoft Visual Studio Solution File, Format Version 12.00
# Visual Studio Version 17
VisualStudioVersion = 17.0.31903.59
MinimumVisualStudioVersion = 10.0.40219.1
Project("{2150E333-8FDC-42A3-9474-1A3956D46DE8}") = "src", "src", "{827E0CD3-B72D-47B6-A68D-7590B98EB39B}"
EndProject
Project("{FAE04EC0-301F-11D3-BF4B-00C04F79EFBC}") = "Performance.Domain", "src\Performance.Domain\Performance.Domain.csproj", "{AC319F38-F335-43AC-B02D-C1C02CD9FA97}"
EndProject
Project("{FAE04EC0-301F-11D3-BF4B-00C04F79EFBC}") = "Performance.Application", "src\Performance.Application\Performance.Application.csproj", "{CE2E5C98-411C-4C97-80B5-2D511A123A7B}"
EndProject
Project("{FAE04EC0-301F-11D3-BF4B-00C04F79EFBC}") = "Performance.Infrastructure", "src\Performance.Infrastructure\Performance.Infrastructure.csproj", "{9F00B162-3B6D-4BE9-BEE1-B247A1AC9BCF}"
EndProject
Project("{2150E333-8FDC-42A3-9474-1A3956D46DE8}") = "Performance.UI", "Performance.UI", "{E3A79655-11E8-A6BC-E83E-08B60A4D60AB}"
EndProject
Project("{FAE04EC0-301F-11D3-BF4B-00C04F79EFBC}") = "Performance", "src\Performance.UI\Performance.csproj", "{E5CFDAEE-49AE-4523-8EFB-7EF4C9427C44}"
EndProject
Global
	GlobalSection(SolutionConfigurationPlatforms) = preSolution
		Debug|Any CPU = Debug|Any CPU
		Debug|x64 = Debug|x64
		Debug|x86 = Debug|x86
		Release|Any CPU = Release|Any CPU
		Release|x64 = Release|x64
		Release|x86 = Release|x86
	EndGlobalSection
	GlobalSection(ProjectConfigurationPlatforms) = postSolution
		{AC319F38-F335-43AC-B02D-C1C02CD9FA97}.Debug|Any CPU.ActiveCfg = Debug|Any CPU
		{AC319F38-F335-43AC-B02D-C1C02CD9FA97}.Debug|Any CPU.Build.0 = Debug|Any CPU
		{AC319F38-F335-43AC-B02D-C1C02CD9FA97}.Debug|x64.ActiveCfg = Debug|Any CPU
		{AC319F38-F335-43AC-B02D-C1C02CD9FA97}.Debug|x64.Build.0 = Debug|Any CPU
		{AC319F38-F335-43AC-B02D-C1C02CD9FA97}.Debug|x86.ActiveCfg = Debug|Any CPU
		{AC319F38-F335-43AC-B02D-C1C02CD9FA97}.Debug|x86.Build.0 = Debug|Any CPU
		{AC319F38-F335-43AC-B02D-C1C02CD9FA97}.Release|Any CPU.ActiveCfg = Release|Any CPU
		{AC319F38-F335-43AC-B02D-C1C02CD9FA97}.Release|Any CPU.Build.0 = Release|Any CPU
		{AC319F38-F335-43AC-B02D-C1C02CD9FA97}.Release|x64.ActiveCfg = Release|Any CPU
		{AC319F38-F335-43AC-B02D-C1C02CD9FA97}.Release|x64.Build.0 = Release|Any CPU
		{AC319F38-F335-43AC-B02D-C1C02CD9FA97}.Release|x86.ActiveCfg = Release|Any CPU
		{AC319F38-F335-43AC-B02D-C1C02CD9FA97}.Release|x86.Build.0 = Release|Any CPU
		{CE2E5C98-411C-4C97-80B5-2D511A123A7B}.Debug|Any CPU.ActiveCfg = Debug|Any CPU
		{CE2E5C98-411C-4C97-80B5-2D511A123A7B}.Debug|Any CPU.Build.0 = Debug|Any CPU
		{CE2E5C98-411C-4C97-80B5-2D511A123A7B}.Debug|x64.ActiveCfg = Debug|Any CPU
		{CE2E5C98-411C-4C97-80B5-2D511A123A7B}.Debug|x64.Build.0 = Debug|Any CPU
		{CE2E5C98-411C-4C97-80B5-2D511A123A7B}.Debug|x86.ActiveCfg = Debug|Any CPU
		{CE2E5C98-411C-4C97-80B5-2D511A123A7B}.Debug|x86.Build.0 = Debug|Any CPU
		{CE2E5C98-411C-4C97-80B5-2D511A123A7B}.Release|Any CPU.ActiveCfg = Release|Any CPU
		{CE2E5C98-411C-4C97-80B5-2D511A123A7B}.Release|Any CPU.Build.0 = Release|Any CPU
		{CE2E5C98-411C-4C97-80B5-2D511A123A7B}.Release|x64.ActiveCfg = Release|Any CPU
		{CE2E5C98-411C-4C97-80B5-2D511A123A7B}.Release|x64.Build.0 = Release|Any CPU
		{CE2E5C98-411C-4C97-80B5-2D511A123A7B}.Release|x86.ActiveCfg = Release|Any CPU
		{CE2E5C98-411C-4C97-80B5-2D511A123A7B}.Release|x86.Build.0 = Release|Any CPU
		{9F00B162-3B6D-4BE9-BEE1-B247A1AC9BCF}.Debug|Any CPU.ActiveCfg = Debug|Any CPU
		{9F00B162-3B6D-4BE9-BEE1-B247A1AC9BCF}.Debug|Any CPU.Build.0 = Debug|Any CPU
		{9F00B162-3B6D-4BE9-BEE1-B247A1AC9BCF}.Debug|x64.ActiveCfg = Debug|Any CPU
		{9F00B162-3B6D-4BE9-BEE1-B247A1AC9BCF}.Debug|x64.Build.0 = Debug|Any CPU
		{9F00B162-3B6D-4BE9-BEE1-B247A1AC9BCF}.Debug|x86.ActiveCfg = Debug|Any CPU
		{9F00B162-3B6D-4BE9-BEE1-B247A1AC9BCF}.Debug|x86.Build.0 = Debug|Any CPU
		{9F00B162-3B6D-4BE9-BEE1-B247A1AC9BCF}.Release|Any CPU.ActiveCfg = Release|Any CPU
		{9F00B162-3B6D-4BE9-BEE1-B247A1AC9BCF}.Release|Any CPU.Build.0 = Release|Any CPU
		{9F00B162-3B6D-4BE9-BEE1-B247A1AC9BCF}.Release|x64.ActiveCfg = Release|Any CPU
		{9F00B162-3B6D-4BE9-BEE1-B247A1AC9BCF}.Release|x64.Build.0 = Release|Any CPU
		{9F00B162-3B6D-4BE9-BEE1-B247A1AC9BCF}.Release|x86.ActiveCfg = Release|Any CPU
		{9F00B162-3B6D-4BE9-BEE1-B247A1AC9BCF}.Release|x86.Build.0 = Release|Any CPU
		{E5CFDAEE-49AE-4523-8EFB-7EF4C9427C44}.Debug|Any CPU.ActiveCfg = Debug|Any CPU
		{E5CFDAEE-49AE-4523-8EFB-7EF4C9427C44}.Debug|Any CPU.Build.0 = Debug|Any CPU
		{E5CFDAEE-49AE-4523-8EFB-7EF4C9427C44}.Debug|x64.ActiveCfg = Debug|Any CPU
		{E5CFDAEE-49AE-4523-8EFB-7EF4C9427C44}.Debug|x64.Build.0 = Debug|Any CPU
		{E5CFDAEE-49AE-4523-8EFB-7EF4C9427C44}.Debug|x86.ActiveCfg = Debug|Any CPU
		{E5CFDAEE-49AE-4523-8EFB-7EF4C9427C44}.Debug|x86.Build.0 = Debug|Any CPU
		{E5CFDAEE-49AE-4523-8EFB-7EF4C9427C44}.Release|Any CPU.ActiveCfg = Release|Any CPU
		{E5CFDAEE-49AE-4523-8EFB-7EF4C9427C44}.Release|Any CPU.Build.0 = Release|Any CPU
		{E5CFDAEE-49AE-4523-8EFB-7EF4C9427C44}.Release|x64.ActiveCfg = Release|Any CPU
		{E5CFDAEE-49AE-4523-8EFB-7EF4C9427C44}.Release|x64.Build.0 = Release|Any CPU
		{E5CFDAEE-49AE-4523-8EFB-7EF4C9427C44}.Release|x86.ActiveCfg = Release|Any CPU
		{E5CFDAEE-49AE-4523-8EFB-7EF4C9427C44}.Release|x86.Build.0 = Release|Any CPU
	EndGlobalSection
	GlobalSection(SolutionProperties) = preSolution
		HideSolutionNode = FALSE
	EndGlobalSection
	GlobalSection(NestedProjects) = preSolution
		{AC319F38-F335-43AC-B02D-C1C02CD9FA97} = {827E0CD3-B72D-47B6-A68D-7590B98EB39B}
		{CE2E5C98-411C-4C97-80B5-2D511A123A7B} = {827E0CD3-B72D-47B6-A68D-7590B98EB39B}
		{9F00B162-3B6D-4BE9-BEE1-B247A1AC9BCF} = {827E0CD3-B72D-47B6-A68D-7590B98EB39B}
		{E3A79655-11E8-A6BC-E83E-08B60A4D60AB} = {827E0CD3-B72D-47B6-A68D-7590B98EB39B}
		{E5CFDAEE-49AE-4523-8EFB-7EF4C9427C44} = {E3A79655-11E8-A6BC-E83E-08B60A4D60AB}
	EndGlobalSection
EndGlobal
